
Microsoft Visual Studio Solution File, Format Version 12.00
# Visual Studio Version 17
VisualStudioVersion = 17.3.32819.101
MinimumVisualStudioVersion = 10.0.40219.1
Project("{FAE04EC0-301F-11D3-BF4B-00C04F79EFBC}") = "ETradeAPI.Domain", "ETradeAPI.Domain\ETradeAPI.Domain.csproj", "{C7A872D2-71B2-4302-9BD7-67442061EC71}"
EndProject
Project("{FAE04EC0-301F-11D3-BF4B-00C04F79EFBC}") = "ETradeAPI.Persistance", "ETradeAPI.Persistance\ETradeAPI.Persistance.csproj", "{2C610F36-58F7-4B9D-ACD2-F5B62FD91CD2}"
EndProject
Project("{FAE04EC0-301F-11D3-BF4B-00C04F79EFBC}") = "ETradeAPI.Application", "ETradeAPI.Application\ETradeAPI.Application.csproj", "{63A0D0DB-F279-4C88-94D1-F5534F718B4A}"
EndProject
Project("{FAE04EC0-301F-11D3-BF4B-00C04F79EFBC}") = "ETradeAPI.WebAPI", "ETradeAPI.WebAPI\ETradeAPI.WebAPI.csproj", "{7C03CDB0-23C2-4030-BDD9-608C0B76EF52}"
EndProject
Project("{FAE04EC0-301F-11D3-BF4B-00C04F79EFBC}") = "ETradeAPI.Core", "ETradeAPI.Core\ETradeAPI.Core.csproj", "{978EDD26-B21D-455D-B405-097CED2A7FFF}"
EndProject
Global
	GlobalSection(SolutionConfigurationPlatforms) = preSolution
		Debug|Any CPU = Debug|Any CPU
		Release|Any CPU = Release|Any CPU
	EndGlobalSection
	GlobalSection(ProjectConfigurationPlatforms) = postSolution
		{C7A872D2-71B2-4302-9BD7-67442061EC71}.Debug|Any CPU.ActiveCfg = Debug|Any CPU
		{C7A872D2-71B2-4302-9BD7-67442061EC71}.Debug|Any CPU.Build.0 = Debug|Any CPU
		{C7A872D2-71B2-4302-9BD7-67442061EC71}.Release|Any CPU.ActiveCfg = Release|Any CPU
		{C7A872D2-71B2-4302-9BD7-67442061EC71}.Release|Any CPU.Build.0 = Release|Any CPU
		{2C610F36-58F7-4B9D-ACD2-F5B62FD91CD2}.Debug|Any CPU.ActiveCfg = Debug|Any CPU
		{2C610F36-58F7-4B9D-ACD2-F5B62FD91CD2}.Debug|Any CPU.Build.0 = Debug|Any CPU
		{2C610F36-58F7-4B9D-ACD2-F5B62FD91CD2}.Release|Any CPU.ActiveCfg = Release|Any CPU
		{2C610F36-58F7-4B9D-ACD2-F5B62FD91CD2}.Release|Any CPU.Build.0 = Release|Any CPU
		{63A0D0DB-F279-4C88-94D1-F5534F718B4A}.Debug|Any CPU.ActiveCfg = Debug|Any CPU
		{63A0D0DB-F279-4C88-94D1-F5534F718B4A}.Debug|Any CPU.Build.0 = Debug|Any CPU
		{63A0D0DB-F279-4C88-94D1-F5534F718B4A}.Release|Any CPU.ActiveCfg = Release|Any CPU
		{63A0D0DB-F279-4C88-94D1-F5534F718B4A}.Release|Any CPU.Build.0 = Release|Any CPU
		{7C03CDB0-23C2-4030-BDD9-608C0B76EF52}.Debug|Any CPU.ActiveCfg = Debug|Any CPU
		{7C03CDB0-23C2-4030-BDD9-608C0B76EF52}.Debug|Any CPU.Build.0 = Debug|Any CPU
		{7C03CDB0-23C2-4030-BDD9-608C0B76EF52}.Release|Any CPU.ActiveCfg = Release|Any CPU
		{7C03CDB0-23C2-4030-BDD9-608C0B76EF52}.Release|Any CPU.Build.0 = Release|Any CPU
		{978EDD26-B21D-455D-B405-097CED2A7FFF}.Debug|Any CPU.ActiveCfg = Debug|Any CPU
		{978EDD26-B21D-455D-B405-097CED2A7FFF}.Debug|Any CPU.Build.0 = Debug|Any CPU
		{978EDD26-B21D-455D-B405-097CED2A7FFF}.Release|Any CPU.ActiveCfg = Release|Any CPU
		{978EDD26-B21D-455D-B405-097CED2A7FFF}.Release|Any CPU.Build.0 = Release|Any CPU
	EndGlobalSection
	GlobalSection(SolutionProperties) = preSolution
		HideSolutionNode = FALSE
	EndGlobalSection
	GlobalSection(ExtensibilityGlobals) = postSolution
		SolutionGuid = {052EF6CB-4BC1-4364-A5D0-12DEC7C3CB0D}
	EndGlobalSection
EndGlobal
